
Microsoft Visual Studio Solution File, Format Version 12.00
# Visual Studio Version 17
VisualStudioVersion = 17.11.35312.102
MinimumVisualStudioVersion = 10.0.40219.1
Project("{FAE04EC0-301F-11D3-BF4B-00C04F79EFBC}") = "GamesCatalog.Server", "GamesCatalog.Server\GamesCatalog.Server.csproj", "{D471C66E-E9FA-4D1E-BF45-321632B012F4}"
EndProject
Project("{54A90642-561A-4BB1-A94E-469ADEE60C69}") = "gamescatalog.client", "gamescatalog.client\gamescatalog.client.esproj", "{0037BE3A-A025-47E1-9F61-E532F4EBE51B}"
EndProject
Global
	GlobalSection(SolutionConfigurationPlatforms) = preSolution
		Debug|Any CPU = Debug|Any CPU
		Release|Any CPU = Release|Any CPU
	EndGlobalSection
	GlobalSection(ProjectConfigurationPlatforms) = postSolution
		{D471C66E-E9FA-4D1E-BF45-321632B012F4}.Debug|Any CPU.ActiveCfg = Debug|Any CPU
		{D471C66E-E9FA-4D1E-BF45-321632B012F4}.Debug|Any CPU.Build.0 = Debug|Any CPU
		{D471C66E-E9FA-4D1E-BF45-321632B012F4}.Release|Any CPU.ActiveCfg = Release|Any CPU
		{D471C66E-E9FA-4D1E-BF45-321632B012F4}.Release|Any CPU.Build.0 = Release|Any CPU
		{0037BE3A-A025-47E1-9F61-E532F4EBE51B}.Debug|Any CPU.ActiveCfg = Debug|Any CPU
		{0037BE3A-A025-47E1-9F61-E532F4EBE51B}.Debug|Any CPU.Build.0 = Debug|Any CPU
		{0037BE3A-A025-47E1-9F61-E532F4EBE51B}.Debug|Any CPU.Deploy.0 = Debug|Any CPU
		{0037BE3A-A025-47E1-9F61-E532F4EBE51B}.Release|Any CPU.ActiveCfg = Release|Any CPU
		{0037BE3A-A025-47E1-9F61-E532F4EBE51B}.Release|Any CPU.Build.0 = Release|Any CPU
		{0037BE3A-A025-47E1-9F61-E532F4EBE51B}.Release|Any CPU.Deploy.0 = Release|Any CPU
	EndGlobalSection
	GlobalSection(SolutionProperties) = preSolution
		HideSolutionNode = FALSE
	EndGlobalSection
	GlobalSection(ExtensibilityGlobals) = postSolution
		SolutionGuid = {FB220CE8-5CCD-48A2-B91A-6ABACF9D3F70}
	EndGlobalSection
EndGlobal
